
Microsoft Visual Studio Solution File, Format Version 12.00
# Visual Studio 15
VisualStudioVersion = 15.0.27004.2005
MinimumVisualStudioVersion = 10.0.40219.1
Project("{888888A0-9F3D-457C-B088-3A5042F75D52}") = "A_Data_Collection", "A_Data_Collection\A_Data_Collection.pyproj", "{44B8DE26-2E60-4134-A89B-86995630534E}"
EndProject
Global
	GlobalSection(SolutionConfigurationPlatforms) = preSolution
		Debug|Any CPU = Debug|Any CPU
		Release|Any CPU = Release|Any CPU
	EndGlobalSection
	GlobalSection(ProjectConfigurationPlatforms) = postSolution
		{44B8DE26-2E60-4134-A89B-86995630534E}.Debug|Any CPU.ActiveCfg = Debug|Any CPU
		{44B8DE26-2E60-4134-A89B-86995630534E}.Release|Any CPU.ActiveCfg = Release|Any CPU
	EndGlobalSection
	GlobalSection(SolutionProperties) = preSolution
		HideSolutionNode = FALSE
	EndGlobalSection
	GlobalSection(ExtensibilityGlobals) = postSolution
		SolutionGuid = {3A888D2D-B256-4B8F-8A62-83194A096E60}
	EndGlobalSection
EndGlobal
